// !$*UTF8*$!
{
	archiveVersion = 1;
	classes = {
	};
	objectVersion = 46;
	objects = {

/* Begin PBXBuildFile section */
		07CA7DB11AC5A6E500F71DB8 /* DetailViewController.swift in Sources */ = {isa = PBXBuildFile; fileRef = 07CA7DB01AC5A6E500F71DB8 /* DetailViewController.swift */; };
		07CA7DC61ACAA06000F71DB8 /* AFHTTPRequestOperation.m in Sources */ = {isa = PBXBuildFile; fileRef = 07CA7DB41ACAA06000F71DB8 /* AFHTTPRequestOperation.m */; };
		07CA7DC71ACAA06000F71DB8 /* AFHTTPRequestOperationManager.m in Sources */ = {isa = PBXBuildFile; fileRef = 07CA7DB61ACAA06000F71DB8 /* AFHTTPRequestOperationManager.m */; };
		07CA7DC81ACAA06000F71DB8 /* AFHTTPSessionManager.m in Sources */ = {isa = PBXBuildFile; fileRef = 07CA7DB81ACAA06000F71DB8 /* AFHTTPSessionManager.m */; };
		07CA7DC91ACAA06000F71DB8 /* AFNetworkReachabilityManager.m in Sources */ = {isa = PBXBuildFile; fileRef = 07CA7DBB1ACAA06000F71DB8 /* AFNetworkReachabilityManager.m */; };
		07CA7DCA1ACAA06000F71DB8 /* AFSecurityPolicy.m in Sources */ = {isa = PBXBuildFile; fileRef = 07CA7DBD1ACAA06000F71DB8 /* AFSecurityPolicy.m */; };
		07CA7DCB1ACAA06000F71DB8 /* AFURLConnectionOperation.m in Sources */ = {isa = PBXBuildFile; fileRef = 07CA7DBF1ACAA06000F71DB8 /* AFURLConnectionOperation.m */; };
		07CA7DCC1ACAA06000F71DB8 /* AFURLRequestSerialization.m in Sources */ = {isa = PBXBuildFile; fileRef = 07CA7DC11ACAA06000F71DB8 /* AFURLRequestSerialization.m */; };
		07CA7DCD1ACAA06000F71DB8 /* AFURLResponseSerialization.m in Sources */ = {isa = PBXBuildFile; fileRef = 07CA7DC31ACAA06000F71DB8 /* AFURLResponseSerialization.m */; };
		07CA7DCE1ACAA06000F71DB8 /* AFURLSessionManager.m in Sources */ = {isa = PBXBuildFile; fileRef = 07CA7DC51ACAA06000F71DB8 /* AFURLSessionManager.m */; };
		07CA7DE21ACAE24600F71DB8 /* AFNetworkActivityIndicatorManager.m in Sources */ = {isa = PBXBuildFile; fileRef = 07CA7DD21ACAE24600F71DB8 /* AFNetworkActivityIndicatorManager.m */; };
		07CA7DE31ACAE24600F71DB8 /* UIActivityIndicatorView+AFNetworking.m in Sources */ = {isa = PBXBuildFile; fileRef = 07CA7DD41ACAE24600F71DB8 /* UIActivityIndicatorView+AFNetworking.m */; };
		07CA7DE41ACAE24600F71DB8 /* UIAlertView+AFNetworking.m in Sources */ = {isa = PBXBuildFile; fileRef = 07CA7DD61ACAE24600F71DB8 /* UIAlertView+AFNetworking.m */; };
		07CA7DE51ACAE24600F71DB8 /* UIButton+AFNetworking.m in Sources */ = {isa = PBXBuildFile; fileRef = 07CA7DD81ACAE24600F71DB8 /* UIButton+AFNetworking.m */; };
		07CA7DE61ACAE24600F71DB8 /* UIImageView+AFNetworking.m in Sources */ = {isa = PBXBuildFile; fileRef = 07CA7DDA1ACAE24600F71DB8 /* UIImageView+AFNetworking.m */; };
		07CA7DE71ACAE24600F71DB8 /* UIProgressView+AFNetworking.m in Sources */ = {isa = PBXBuildFile; fileRef = 07CA7DDD1ACAE24600F71DB8 /* UIProgressView+AFNetworking.m */; };
		07CA7DE81ACAE24600F71DB8 /* UIRefreshControl+AFNetworking.m in Sources */ = {isa = PBXBuildFile; fileRef = 07CA7DDF1ACAE24600F71DB8 /* UIRefreshControl+AFNetworking.m */; };
		07CA7DE91ACAE24600F71DB8 /* UIWebView+AFNetworking.m in Sources */ = {isa = PBXBuildFile; fileRef = 07CA7DE11ACAE24600F71DB8 /* UIWebView+AFNetworking.m */; };
		07D750E31AC4685100EE2306 /* AppDelegate.swift in Sources */ = {isa = PBXBuildFile; fileRef = 07D750E21AC4685100EE2306 /* AppDelegate.swift */; };
		07D750E51AC4685100EE2306 /* ViewController.swift in Sources */ = {isa = PBXBuildFile; fileRef = 07D750E41AC4685100EE2306 /* ViewController.swift */; };
		07D750E81AC4685100EE2306 /* Main.storyboard in Resources */ = {isa = PBXBuildFile; fileRef = 07D750E61AC4685100EE2306 /* Main.storyboard */; };
		07D750EA1AC4685100EE2306 /* Images.xcassets in Resources */ = {isa = PBXBuildFile; fileRef = 07D750E91AC4685100EE2306 /* Images.xcassets */; };
		07D750ED1AC4685100EE2306 /* LaunchScreen.xib in Resources */ = {isa = PBXBuildFile; fileRef = 07D750EB1AC4685100EE2306 /* LaunchScreen.xib */; };
		07D750F91AC4685100EE2306 /* ContactsTests.swift in Sources */ = {isa = PBXBuildFile; fileRef = 07D750F81AC4685100EE2306 /* ContactsTests.swift */; };
		07D751031AC468EE00EE2306 /* ContactsTableViewController.swift in Sources */ = {isa = PBXBuildFile; fileRef = 07D751021AC468EE00EE2306 /* ContactsTableViewController.swift */; };
		07D751051AC46DF600EE2306 /* Contact.swift in Sources */ = {isa = PBXBuildFile; fileRef = 07D751041AC46DF600EE2306 /* Contact.swift */; };
/* End PBXBuildFile section */

/* Begin PBXContainerItemProxy section */
		07D750F31AC4685100EE2306 /* PBXContainerItemProxy */ = {
			isa = PBXContainerItemProxy;
			containerPortal = 07D750D51AC4685100EE2306 /* Project object */;
			proxyType = 1;
			remoteGlobalIDString = 07D750DC1AC4685100EE2306;
			remoteInfo = Contacts;
		};
/* End PBXContainerItemProxy section */

/* Begin PBXFileReference section */
		07CA7DB01AC5A6E500F71DB8 /* DetailViewController.swift */ = {isa = PBXFileReference; fileEncoding = 4; lastKnownFileType = sourcecode.swift; path = DetailViewController.swift; sourceTree = "<group>"; };
		07CA7DB31ACAA06000F71DB8 /* AFHTTPRequestOperation.h */ = {isa = PBXFileReference; fileEncoding = 4; lastKnownFileType = sourcecode.c.h; path = AFHTTPRequestOperation.h; sourceTree = "<group>"; };
		07CA7DB41ACAA06000F71DB8 /* AFHTTPRequestOperation.m */ = {isa = PBXFileReference; fileEncoding = 4; lastKnownFileType = sourcecode.c.objc; path = AFHTTPRequestOperation.m; sourceTree = "<group>"; };
		07CA7DB51ACAA06000F71DB8 /* AFHTTPRequestOperationManager.h */ = {isa = PBXFileReference; fileEncoding = 4; lastKnownFileType = sourcecode.c.h; path = AFHTTPRequestOperationManager.h; sourceTree = "<group>"; };
		07CA7DB61ACAA06000F71DB8 /* AFHTTPRequestOperationManager.m */ = {isa = PBXFileReference; fileEncoding = 4; lastKnownFileType = sourcecode.c.objc; path = AFHTTPRequestOperationManager.m; sourceTree = "<group>"; };
		07CA7DB71ACAA06000F71DB8 /* AFHTTPSessionManager.h */ = {isa = PBXFileReference; fileEncoding = 4; lastKnownFileType = sourcecode.c.h; path = AFHTTPSessionManager.h; sourceTree = "<group>"; };
		07CA7DB81ACAA06000F71DB8 /* AFHTTPSessionManager.m */ = {isa = PBXFileReference; fileEncoding = 4; lastKnownFileType = sourcecode.c.objc; path = AFHTTPSessionManager.m; sourceTree = "<group>"; };
		07CA7DB91ACAA06000F71DB8 /* AFNetworking.h */ = {isa = PBXFileReference; fileEncoding = 4; lastKnownFileType = sourcecode.c.h; path = AFNetworking.h; sourceTree = "<group>"; };
		07CA7DBA1ACAA06000F71DB8 /* AFNetworkReachabilityManager.h */ = {isa = PBXFileReference; fileEncoding = 4; lastKnownFileType = sourcecode.c.h; path = AFNetworkReachabilityManager.h; sourceTree = "<group>"; };
		07CA7DBB1ACAA06000F71DB8 /* AFNetworkReachabilityManager.m */ = {isa = PBXFileReference; fileEncoding = 4; lastKnownFileType = sourcecode.c.objc; path = AFNetworkReachabilityManager.m; sourceTree = "<group>"; };
		07CA7DBC1ACAA06000F71DB8 /* AFSecurityPolicy.h */ = {isa = PBXFileReference; fileEncoding = 4; lastKnownFileType = sourcecode.c.h; path = AFSecurityPolicy.h; sourceTree = "<group>"; };
		07CA7DBD1ACAA06000F71DB8 /* AFSecurityPolicy.m */ = {isa = PBXFileReference; fileEncoding = 4; lastKnownFileType = sourcecode.c.objc; path = AFSecurityPolicy.m; sourceTree = "<group>"; };
		07CA7DBE1ACAA06000F71DB8 /* AFURLConnectionOperation.h */ = {isa = PBXFileReference; fileEncoding = 4; lastKnownFileType = sourcecode.c.h; path = AFURLConnectionOperation.h; sourceTree = "<group>"; };
		07CA7DBF1ACAA06000F71DB8 /* AFURLConnectionOperation.m */ = {isa = PBXFileReference; fileEncoding = 4; lastKnownFileType = sourcecode.c.objc; path = AFURLConnectionOperation.m; sourceTree = "<group>"; };
		07CA7DC01ACAA06000F71DB8 /* AFURLRequestSerialization.h */ = {isa = PBXFileReference; fileEncoding = 4; lastKnownFileType = sourcecode.c.h; path = AFURLRequestSerialization.h; sourceTree = "<group>"; };
		07CA7DC11ACAA06000F71DB8 /* AFURLRequestSerialization.m */ = {isa = PBXFileReference; fileEncoding = 4; lastKnownFileType = sourcecode.c.objc; path = AFURLRequestSerialization.m; sourceTree = "<group>"; };
		07CA7DC21ACAA06000F71DB8 /* AFURLResponseSerialization.h */ = {isa = PBXFileReference; fileEncoding = 4; lastKnownFileType = sourcecode.c.h; path = AFURLResponseSerialization.h; sourceTree = "<group>"; };
		07CA7DC31ACAA06000F71DB8 /* AFURLResponseSerialization.m */ = {isa = PBXFileReference; fileEncoding = 4; lastKnownFileType = sourcecode.c.objc; path = AFURLResponseSerialization.m; sourceTree = "<group>"; };
		07CA7DC41ACAA06000F71DB8 /* AFURLSessionManager.h */ = {isa = PBXFileReference; fileEncoding = 4; lastKnownFileType = sourcecode.c.h; path = AFURLSessionManager.h; sourceTree = "<group>"; };
		07CA7DC51ACAA06000F71DB8 /* AFURLSessionManager.m */ = {isa = PBXFileReference; fileEncoding = 4; lastKnownFileType = sourcecode.c.objc; path = AFURLSessionManager.m; sourceTree = "<group>"; };
		07CA7DCF1ACAA1DC00F71DB8 /* bridge.h */ = {isa = PBXFileReference; lastKnownFileType = sourcecode.c.h; path = bridge.h; sourceTree = "<group>"; };
		07CA7DD11ACAE24600F71DB8 /* AFNetworkActivityIndicatorManager.h */ = {isa = PBXFileReference; fileEncoding = 4; lastKnownFileType = sourcecode.c.h; path = AFNetworkActivityIndicatorManager.h; sourceTree = "<group>"; };
		07CA7DD21ACAE24600F71DB8 /* AFNetworkActivityIndicatorManager.m */ = {isa = PBXFileReference; fileEncoding = 4; lastKnownFileType = sourcecode.c.objc; path = AFNetworkActivityIndicatorManager.m; sourceTree = "<group>"; };
		07CA7DD31ACAE24600F71DB8 /* UIActivityIndicatorView+AFNetworking.h */ = {isa = PBXFileReference; fileEncoding = 4; lastKnownFileType = sourcecode.c.h; path = "UIActivityIndicatorView+AFNetworking.h"; sourceTree = "<group>"; };
		07CA7DD41ACAE24600F71DB8 /* UIActivityIndicatorView+AFNetworking.m */ = {isa = PBXFileReference; fileEncoding = 4; lastKnownFileType = sourcecode.c.objc; path = "UIActivityIndicatorView+AFNetworking.m"; sourceTree = "<group>"; };
		07CA7DD51ACAE24600F71DB8 /* UIAlertView+AFNetworking.h */ = {isa = PBXFileReference; fileEncoding = 4; lastKnownFileType = sourcecode.c.h; path = "UIAlertView+AFNetworking.h"; sourceTree = "<group>"; };
		07CA7DD61ACAE24600F71DB8 /* UIAlertView+AFNetworking.m */ = {isa = PBXFileReference; fileEncoding = 4; lastKnownFileType = sourcecode.c.objc; path = "UIAlertView+AFNetworking.m"; sourceTree = "<group>"; };
		07CA7DD71ACAE24600F71DB8 /* UIButton+AFNetworking.h */ = {isa = PBXFileReference; fileEncoding = 4; lastKnownFileType = sourcecode.c.h; path = "UIButton+AFNetworking.h"; sourceTree = "<group>"; };
		07CA7DD81ACAE24600F71DB8 /* UIButton+AFNetworking.m */ = {isa = PBXFileReference; fileEncoding = 4; lastKnownFileType = sourcecode.c.objc; path = "UIButton+AFNetworking.m"; sourceTree = "<group>"; };
		07CA7DD91ACAE24600F71DB8 /* UIImageView+AFNetworking.h */ = {isa = PBXFileReference; fileEncoding = 4; lastKnownFileType = sourcecode.c.h; path = "UIImageView+AFNetworking.h"; sourceTree = "<group>"; };
		07CA7DDA1ACAE24600F71DB8 /* UIImageView+AFNetworking.m */ = {isa = PBXFileReference; fileEncoding = 4; lastKnownFileType = sourcecode.c.objc; path = "UIImageView+AFNetworking.m"; sourceTree = "<group>"; };
		07CA7DDB1ACAE24600F71DB8 /* UIKit+AFNetworking.h */ = {isa = PBXFileReference; fileEncoding = 4; lastKnownFileType = sourcecode.c.h; path = "UIKit+AFNetworking.h"; sourceTree = "<group>"; };
		07CA7DDC1ACAE24600F71DB8 /* UIProgressView+AFNetworking.h */ = {isa = PBXFileReference; fileEncoding = 4; lastKnownFileType = sourcecode.c.h; path = "UIProgressView+AFNetworking.h"; sourceTree = "<group>"; };
		07CA7DDD1ACAE24600F71DB8 /* UIProgressView+AFNetworking.m */ = {isa = PBXFileReference; fileEncoding = 4; lastKnownFileType = sourcecode.c.objc; path = "UIProgressView+AFNetworking.m"; sourceTree = "<group>"; };
		07CA7DDE1ACAE24600F71DB8 /* UIRefreshControl+AFNetworking.h */ = {isa = PBXFileReference; fileEncoding = 4; lastKnownFileType = sourcecode.c.h; path = "UIRefreshControl+AFNetworking.h"; sourceTree = "<group>"; };
		07CA7DDF1ACAE24600F71DB8 /* UIRefreshControl+AFNetworking.m */ = {isa = PBXFileReference; fileEncoding = 4; lastKnownFileType = sourcecode.c.objc; path = "UIRefreshControl+AFNetworking.m"; sourceTree = "<group>"; };
		07CA7DE01ACAE24600F71DB8 /* UIWebView+AFNetworking.h */ = {isa = PBXFileReference; fileEncoding = 4; lastKnownFileType = sourcecode.c.h; path = "UIWebView+AFNetworking.h"; sourceTree = "<group>"; };
		07CA7DE11ACAE24600F71DB8 /* UIWebView+AFNetworking.m */ = {isa = PBXFileReference; fileEncoding = 4; lastKnownFileType = sourcecode.c.objc; path = "UIWebView+AFNetworking.m"; sourceTree = "<group>"; };
		07D750DD1AC4685100EE2306 /* Contacts.app */ = {isa = PBXFileReference; explicitFileType = wrapper.application; includeInIndex = 0; path = Contacts.app; sourceTree = BUILT_PRODUCTS_DIR; };
		07D750E11AC4685100EE2306 /* Info.plist */ = {isa = PBXFileReference; lastKnownFileType = text.plist.xml; path = Info.plist; sourceTree = "<group>"; };
		07D750E21AC4685100EE2306 /* AppDelegate.swift */ = {isa = PBXFileReference; lastKnownFileType = sourcecode.swift; path = AppDelegate.swift; sourceTree = "<group>"; };
		07D750E41AC4685100EE2306 /* ViewController.swift */ = {isa = PBXFileReference; lastKnownFileType = sourcecode.swift; path = ViewController.swift; sourceTree = "<group>"; };
		07D750E71AC4685100EE2306 /* Base */ = {isa = PBXFileReference; lastKnownFileType = file.storyboard; name = Base; path = Base.lproj/Main.storyboard; sourceTree = "<group>"; };
		07D750E91AC4685100EE2306 /* Images.xcassets */ = {isa = PBXFileReference; lastKnownFileType = folder.assetcatalog; path = Images.xcassets; sourceTree = "<group>"; };
		07D750EC1AC4685100EE2306 /* Base */ = {isa = PBXFileReference; lastKnownFileType = file.xib; name = Base; path = Base.lproj/LaunchScreen.xib; sourceTree = "<group>"; };
		07D750F21AC4685100EE2306 /* ContactsTests.xctest */ = {isa = PBXFileReference; explicitFileType = wrapper.cfbundle; includeInIndex = 0; path = ContactsTests.xctest; sourceTree = BUILT_PRODUCTS_DIR; };
		07D750F71AC4685100EE2306 /* Info.plist */ = {isa = PBXFileReference; lastKnownFileType = text.plist.xml; path = Info.plist; sourceTree = "<group>"; };
		07D750F81AC4685100EE2306 /* ContactsTests.swift */ = {isa = PBXFileReference; lastKnownFileType = sourcecode.swift; path = ContactsTests.swift; sourceTree = "<group>"; };
		07D751021AC468EE00EE2306 /* ContactsTableViewController.swift */ = {isa = PBXFileReference; fileEncoding = 4; lastKnownFileType = sourcecode.swift; path = ContactsTableViewController.swift; sourceTree = "<group>"; };
		07D751041AC46DF600EE2306 /* Contact.swift */ = {isa = PBXFileReference; fileEncoding = 4; lastKnownFileType = sourcecode.swift; path = Contact.swift; sourceTree = "<group>"; };
/* End PBXFileReference section */

/* Begin PBXFrameworksBuildPhase section */
		07D750DA1AC4685100EE2306 /* Frameworks */ = {
			isa = PBXFrameworksBuildPhase;
			buildActionMask = 2147483647;
			files = (
			);
			runOnlyForDeploymentPostprocessing = 0;
		};
		07D750EF1AC4685100EE2306 /* Frameworks */ = {
			isa = PBXFrameworksBuildPhase;
			buildActionMask = 2147483647;
			files = (
			);
			runOnlyForDeploymentPostprocessing = 0;
		};
/* End PBXFrameworksBuildPhase section */

/* Begin PBXGroup section */
		07CA7DB21ACAA06000F71DB8 /* AFNetworking */ = {
			isa = PBXGroup;
			children = (
				07CA7DB31ACAA06000F71DB8 /* AFHTTPRequestOperation.h */,
				07CA7DB41ACAA06000F71DB8 /* AFHTTPRequestOperation.m */,
				07CA7DB51ACAA06000F71DB8 /* AFHTTPRequestOperationManager.h */,
				07CA7DB61ACAA06000F71DB8 /* AFHTTPRequestOperationManager.m */,
				07CA7DB71ACAA06000F71DB8 /* AFHTTPSessionManager.h */,
				07CA7DB81ACAA06000F71DB8 /* AFHTTPSessionManager.m */,
				07CA7DB91ACAA06000F71DB8 /* AFNetworking.h */,
				07CA7DBA1ACAA06000F71DB8 /* AFNetworkReachabilityManager.h */,
				07CA7DBB1ACAA06000F71DB8 /* AFNetworkReachabilityManager.m */,
				07CA7DBC1ACAA06000F71DB8 /* AFSecurityPolicy.h */,
				07CA7DBD1ACAA06000F71DB8 /* AFSecurityPolicy.m */,
				07CA7DBE1ACAA06000F71DB8 /* AFURLConnectionOperation.h */,
				07CA7DBF1ACAA06000F71DB8 /* AFURLConnectionOperation.m */,
				07CA7DC01ACAA06000F71DB8 /* AFURLRequestSerialization.h */,
				07CA7DC11ACAA06000F71DB8 /* AFURLRequestSerialization.m */,
				07CA7DC21ACAA06000F71DB8 /* AFURLResponseSerialization.h */,
				07CA7DC31ACAA06000F71DB8 /* AFURLResponseSerialization.m */,
				07CA7DC41ACAA06000F71DB8 /* AFURLSessionManager.h */,
				07CA7DC51ACAA06000F71DB8 /* AFURLSessionManager.m */,
			);
			path = AFNetworking;
			sourceTree = "<group>";
		};
		07CA7DD01ACAE24600F71DB8 /* UIKit+AFNetworking */ = {
			isa = PBXGroup;
			children = (
				07CA7DD11ACAE24600F71DB8 /* AFNetworkActivityIndicatorManager.h */,
				07CA7DD21ACAE24600F71DB8 /* AFNetworkActivityIndicatorManager.m */,
				07CA7DD31ACAE24600F71DB8 /* UIActivityIndicatorView+AFNetworking.h */,
				07CA7DD41ACAE24600F71DB8 /* UIActivityIndicatorView+AFNetworking.m */,
				07CA7DD51ACAE24600F71DB8 /* UIAlertView+AFNetworking.h */,
				07CA7DD61ACAE24600F71DB8 /* UIAlertView+AFNetworking.m */,
				07CA7DD71ACAE24600F71DB8 /* UIButton+AFNetworking.h */,
				07CA7DD81ACAE24600F71DB8 /* UIButton+AFNetworking.m */,
				07CA7DD91ACAE24600F71DB8 /* UIImageView+AFNetworking.h */,
				07CA7DDA1ACAE24600F71DB8 /* UIImageView+AFNetworking.m */,
				07CA7DDB1ACAE24600F71DB8 /* UIKit+AFNetworking.h */,
				07CA7DDC1ACAE24600F71DB8 /* UIProgressView+AFNetworking.h */,
				07CA7DDD1ACAE24600F71DB8 /* UIProgressView+AFNetworking.m */,
				07CA7DDE1ACAE24600F71DB8 /* UIRefreshControl+AFNetworking.h */,
				07CA7DDF1ACAE24600F71DB8 /* UIRefreshControl+AFNetworking.m */,
				07CA7DE01ACAE24600F71DB8 /* UIWebView+AFNetworking.h */,
				07CA7DE11ACAE24600F71DB8 /* UIWebView+AFNetworking.m */,
			);
			path = "UIKit+AFNetworking";
			sourceTree = "<group>";
		};
		07D750D41AC4685100EE2306 = {
			isa = PBXGroup;
			children = (
				07CA7DD01ACAE24600F71DB8 /* UIKit+AFNetworking */,
				07CA7DCF1ACAA1DC00F71DB8 /* bridge.h */,
				07CA7DB21ACAA06000F71DB8 /* AFNetworking */,
				07D750DF1AC4685100EE2306 /* Contacts */,
				07D750F51AC4685100EE2306 /* ContactsTests */,
				07D750DE1AC4685100EE2306 /* Products */,
			);
			sourceTree = "<group>";
		};
		07D750DE1AC4685100EE2306 /* Products */ = {
			isa = PBXGroup;
			children = (
				07D750DD1AC4685100EE2306 /* Contacts.app */,
				07D750F21AC4685100EE2306 /* ContactsTests.xctest */,
			);
			name = Products;
			sourceTree = "<group>";
		};
		07D750DF1AC4685100EE2306 /* Contacts */ = {
			isa = PBXGroup;
			children = (
				07D750E21AC4685100EE2306 /* AppDelegate.swift */,
				07D750E41AC4685100EE2306 /* ViewController.swift */,
				07D750E61AC4685100EE2306 /* Main.storyboard */,
				07CA7DB01AC5A6E500F71DB8 /* DetailViewController.swift */,
				07D751021AC468EE00EE2306 /* ContactsTableViewController.swift */,
				07D751041AC46DF600EE2306 /* Contact.swift */,
				07D750E91AC4685100EE2306 /* Images.xcassets */,
				07D750EB1AC4685100EE2306 /* LaunchScreen.xib */,
				07D750E01AC4685100EE2306 /* Supporting Files */,
			);
			path = Contacts;
			sourceTree = "<group>";
		};
		07D750E01AC4685100EE2306 /* Supporting Files */ = {
			isa = PBXGroup;
			children = (
				07D750E11AC4685100EE2306 /* Info.plist */,
			);
			name = "Supporting Files";
			sourceTree = "<group>";
		};
		07D750F51AC4685100EE2306 /* ContactsTests */ = {
			isa = PBXGroup;
			children = (
				07D750F81AC4685100EE2306 /* ContactsTests.swift */,
				07D750F61AC4685100EE2306 /* Supporting Files */,
			);
			path = ContactsTests;
			sourceTree = "<group>";
		};
		07D750F61AC4685100EE2306 /* Supporting Files */ = {
			isa = PBXGroup;
			children = (
				07D750F71AC4685100EE2306 /* Info.plist */,
			);
			name = "Supporting Files";
			sourceTree = "<group>";
		};
/* End PBXGroup section */

/* Begin PBXNativeTarget section */
		07D750DC1AC4685100EE2306 /* Contacts */ = {
			isa = PBXNativeTarget;
			buildConfigurationList = 07D750FC1AC4685100EE2306 /* Build configuration list for PBXNativeTarget "Contacts" */;
			buildPhases = (
				07D750D91AC4685100EE2306 /* Sources */,
				07D750DA1AC4685100EE2306 /* Frameworks */,
				07D750DB1AC4685100EE2306 /* Resources */,
			);
			buildRules = (
			);
			dependencies = (
			);
			name = Contacts;
			productName = Contacts;
			productReference = 07D750DD1AC4685100EE2306 /* Contacts.app */;
			productType = "com.apple.product-type.application";
		};
		07D750F11AC4685100EE2306 /* ContactsTests */ = {
			isa = PBXNativeTarget;
			buildConfigurationList = 07D750FF1AC4685100EE2306 /* Build configuration list for PBXNativeTarget "ContactsTests" */;
			buildPhases = (
				07D750EE1AC4685100EE2306 /* Sources */,
				07D750EF1AC4685100EE2306 /* Frameworks */,
				07D750F01AC4685100EE2306 /* Resources */,
			);
			buildRules = (
			);
			dependencies = (
				07D750F41AC4685100EE2306 /* PBXTargetDependency */,
			);
			name = ContactsTests;
			productName = ContactsTests;
			productReference = 07D750F21AC4685100EE2306 /* ContactsTests.xctest */;
			productType = "com.apple.product-type.bundle.unit-test";
		};
/* End PBXNativeTarget section */

/* Begin PBXProject section */
		07D750D51AC4685100EE2306 /* Project object */ = {
			isa = PBXProject;
			attributes = {
				LastUpgradeCheck = 0610;
				ORGANIZATIONNAME = riis;
				TargetAttributes = {
					07D750DC1AC4685100EE2306 = {
						CreatedOnToolsVersion = 6.1.1;
					};
					07D750F11AC4685100EE2306 = {
						CreatedOnToolsVersion = 6.1.1;
						TestTargetID = 07D750DC1AC4685100EE2306;
					};
				};
			};
			buildConfigurationList = 07D750D81AC4685100EE2306 /* Build configuration list for PBXProject "Contacts" */;
			compatibilityVersion = "Xcode 3.2";
			developmentRegion = English;
			hasScannedForEncodings = 0;
			knownRegions = (
				en,
				Base,
			);
			mainGroup = 07D750D41AC4685100EE2306;
			productRefGroup = 07D750DE1AC4685100EE2306 /* Products */;
			projectDirPath = "";
			projectRoot = "";
			targets = (
				07D750DC1AC4685100EE2306 /* Contacts */,
				07D750F11AC4685100EE2306 /* ContactsTests */,
			);
		};
/* End PBXProject section */

/* Begin PBXResourcesBuildPhase section */
		07D750DB1AC4685100EE2306 /* Resources */ = {
			isa = PBXResourcesBuildPhase;
			buildActionMask = 2147483647;
			files = (
				07D750E81AC4685100EE2306 /* Main.storyboard in Resources */,
				07D750ED1AC4685100EE2306 /* LaunchScreen.xib in Resources */,
				07D750EA1AC4685100EE2306 /* Images.xcassets in Resources */,
			);
			runOnlyForDeploymentPostprocessing = 0;
		};
		07D750F01AC4685100EE2306 /* Resources */ = {
			isa = PBXResourcesBuildPhase;
			buildActionMask = 2147483647;
			files = (
			);
			runOnlyForDeploymentPostprocessing = 0;
		};
/* End PBXResourcesBuildPhase section */

/* Begin PBXSourcesBuildPhase section */
		07D750D91AC4685100EE2306 /* Sources */ = {
			isa = PBXSourcesBuildPhase;
			buildActionMask = 2147483647;
			files = (
				07CA7DCB1ACAA06000F71DB8 /* AFURLConnectionOperation.m in Sources */,
				07CA7DC61ACAA06000F71DB8 /* AFHTTPRequestOperation.m in Sources */,
				07CA7DE51ACAE24600F71DB8 /* UIButton+AFNetworking.m in Sources */,
				07CA7DC91ACAA06000F71DB8 /* AFNetworkReachabilityManager.m in Sources */,
				07CA7DE71ACAE24600F71DB8 /* UIProgressView+AFNetworking.m in Sources */,
				07CA7DCE1ACAA06000F71DB8 /* AFURLSessionManager.m in Sources */,
				07CA7DCC1ACAA06000F71DB8 /* AFURLRequestSerialization.m in Sources */,
				07D751051AC46DF600EE2306 /* Contact.swift in Sources */,
				07CA7DE81ACAE24600F71DB8 /* UIRefreshControl+AFNetworking.m in Sources */,
				07CA7DCD1ACAA06000F71DB8 /* AFURLResponseSerialization.m in Sources */,
				07D750E51AC4685100EE2306 /* ViewController.swift in Sources */,
				07CA7DE61ACAE24600F71DB8 /* UIImageView+AFNetworking.m in Sources */,
				07CA7DB11AC5A6E500F71DB8 /* DetailViewController.swift in Sources */,
				07CA7DE41ACAE24600F71DB8 /* UIAlertView+AFNetworking.m in Sources */,
				07CA7DC71ACAA06000F71DB8 /* AFHTTPRequestOperationManager.m in Sources */,
				07CA7DCA1ACAA06000F71DB8 /* AFSecurityPolicy.m in Sources */,
				07CA7DE91ACAE24600F71DB8 /* UIWebView+AFNetworking.m in Sources */,
				07D750E31AC4685100EE2306 /* AppDelegate.swift in Sources */,
				07D751031AC468EE00EE2306 /* ContactsTableViewController.swift in Sources */,
				07CA7DC81ACAA06000F71DB8 /* AFHTTPSessionManager.m in Sources */,
				07CA7DE31ACAE24600F71DB8 /* UIActivityIndicatorView+AFNetworking.m in Sources */,
				07CA7DE21ACAE24600F71DB8 /* AFNetworkActivityIndicatorManager.m in Sources */,
			);
			runOnlyForDeploymentPostprocessing = 0;
		};
		07D750EE1AC4685100EE2306 /* Sources */ = {
			isa = PBXSourcesBuildPhase;
			buildActionMask = 2147483647;
			files = (
				07D750F91AC4685100EE2306 /* ContactsTests.swift in Sources */,
			);
			runOnlyForDeploymentPostprocessing = 0;
		};
/* End PBXSourcesBuildPhase section */

/* Begin PBXTargetDependency section */
		07D750F41AC4685100EE2306 /* PBXTargetDependency */ = {
			isa = PBXTargetDependency;
			target = 07D750DC1AC4685100EE2306 /* Contacts */;
			targetProxy = 07D750F31AC4685100EE2306 /* PBXContainerItemProxy */;
		};
/* End PBXTargetDependency section */

/* Begin PBXVariantGroup section */
		07D750E61AC4685100EE2306 /* Main.storyboard */ = {
			isa = PBXVariantGroup;
			children = (
				07D750E71AC4685100EE2306 /* Base */,
			);
			name = Main.storyboard;
			sourceTree = "<group>";
		};
		07D750EB1AC4685100EE2306 /* LaunchScreen.xib */ = {
			isa = PBXVariantGroup;
			children = (
				07D750EC1AC4685100EE2306 /* Base */,
			);
			name = LaunchScreen.xib;
			sourceTree = "<group>";
		};
/* End PBXVariantGroup section */

/* Begin XCBuildConfiguration section */
		07D750FA1AC4685100EE2306 /* Debug */ = {
			isa = XCBuildConfiguration;
			buildSettings = {
				ALWAYS_SEARCH_USER_PATHS = NO;
				CLANG_CXX_LANGUAGE_STANDARD = "gnu++0x";
				CLANG_CXX_LIBRARY = "libc++";
				CLANG_ENABLE_MODULES = YES;
				CLANG_ENABLE_OBJC_ARC = YES;
				CLANG_WARN_BOOL_CONVERSION = YES;
				CLANG_WARN_CONSTANT_CONVERSION = YES;
				CLANG_WARN_DIRECT_OBJC_ISA_USAGE = YES_ERROR;
				CLANG_WARN_EMPTY_BODY = YES;
				CLANG_WARN_ENUM_CONVERSION = YES;
				CLANG_WARN_INT_CONVERSION = YES;
				CLANG_WARN_OBJC_ROOT_CLASS = YES_ERROR;
				CLANG_WARN_UNREACHABLE_CODE = YES;
				CLANG_WARN__DUPLICATE_METHOD_MATCH = YES;
				"CODE_SIGN_IDENTITY[sdk=iphoneos*]" = "iPhone Developer";
				COPY_PHASE_STRIP = NO;
				DEFINES_MODULE = YES;
				ENABLE_STRICT_OBJC_MSGSEND = YES;
				GCC_C_LANGUAGE_STANDARD = gnu99;
				GCC_DYNAMIC_NO_PIC = NO;
				GCC_OPTIMIZATION_LEVEL = 0;
				GCC_PREPROCESSOR_DEFINITIONS = (
					"DEBUG=1",
					"$(inherited)",
				);
				GCC_SYMBOLS_PRIVATE_EXTERN = NO;
				GCC_WARN_64_TO_32_BIT_CONVERSION = YES;
				GCC_WARN_ABOUT_RETURN_TYPE = YES_ERROR;
				GCC_WARN_UNDECLARED_SELECTOR = YES;
				GCC_WARN_UNINITIALIZED_AUTOS = YES_AGGRESSIVE;
				GCC_WARN_UNUSED_FUNCTION = YES;
				GCC_WARN_UNUSED_VARIABLE = YES;
				IPHONEOS_DEPLOYMENT_TARGET = 8.1;
				MTL_ENABLE_DEBUG_INFO = YES;
				ONLY_ACTIVE_ARCH = YES;
				SDKROOT = iphoneos;
				SWIFT_OBJC_BRIDGING_HEADER = bridge.h;
				SWIFT_OPTIMIZATION_LEVEL = "-Onone";
			};
			name = Debug;
		};
		07D750FB1AC4685100EE2306 /* Release */ = {
			isa = XCBuildConfiguration;
			buildSettings = {
				ALWAYS_SEARCH_USER_PATHS = NO;
				CLANG_CXX_LANGUAGE_STANDARD = "gnu++0x";
				CLANG_CXX_LIBRARY = "libc++";
				CLANG_ENABLE_MODULES = YES;
				CLANG_ENABLE_OBJC_ARC = YES;
				CLANG_WARN_BOOL_CONVERSION = YES;
				CLANG_WARN_CONSTANT_CONVERSION = YES;
				CLANG_WARN_DIRECT_OBJC_ISA_USAGE = YES_ERROR;
				CLANG_WARN_EMPTY_BODY = YES;
				CLANG_WARN_ENUM_CONVERSION = YES;
				CLANG_WARN_INT_CONVERSION = YES;
				CLANG_WARN_OBJC_ROOT_CLASS = YES_ERROR;
				CLANG_WARN_UNREACHABLE_CODE = YES;
				CLANG_WARN__DUPLICATE_METHOD_MATCH = YES;
				"CODE_SIGN_IDENTITY[sdk=iphoneos*]" = "iPhone Developer";
				COPY_PHASE_STRIP = YES;
				DEFINES_MODULE = YES;
				ENABLE_NS_ASSERTIONS = NO;
				ENABLE_STRICT_OBJC_MSGSEND = YES;
				GCC_C_LANGUAGE_STANDARD = gnu99;
				GCC_WARN_64_TO_32_BIT_CONVERSION = YES;
				GCC_WARN_ABOUT_RETURN_TYPE = YES_ERROR;
				GCC_WARN_UNDECLARED_SELECTOR = YES;
				GCC_WARN_UNINITIALIZED_AUTOS = YES_AGGRESSIVE;
				GCC_WARN_UNUSED_FUNCTION = YES;
				GCC_WARN_UNUSED_VARIABLE = YES;
				IPHONEOS_DEPLOYMENT_TARGET = 8.1;
				MTL_ENABLE_DEBUG_INFO = NO;
				SDKROOT = iphoneos;
				SWIFT_OBJC_BRIDGING_HEADER = bridge.h;
				VALIDATE_PRODUCT = YES;
			};
			name = Release;
		};
		07D750FD1AC4685100EE2306 /* Debug */ = {
			isa = XCBuildConfiguration;
			buildSettings = {
				ASSETCATALOG_COMPILER_APPICON_NAME = AppIcon;
				DEFINES_MODULE = YES;
				INFOPLIST_FILE = Contacts/Info.plist;
				LD_RUNPATH_SEARCH_PATHS = "$(inherited) @executable_path/Frameworks";
				PRODUCT_NAME = "$(TARGET_NAME)";
			};
			name = Debug;
		};
		07D750FE1AC4685100EE2306 /* Release */ = {
			isa = XCBuildConfiguration;
			buildSettings = {
				ASSETCATALOG_COMPILER_APPICON_NAME = AppIcon;
				DEFINES_MODULE = YES;
				INFOPLIST_FILE = Contacts/Info.plist;
				LD_RUNPATH_SEARCH_PATHS = "$(inherited) @executable_path/Frameworks";
				PRODUCT_NAME = "$(TARGET_NAME)";
			};
			name = Release;
		};
		07D751001AC4685100EE2306 /* Debug */ = {
			isa = XCBuildConfiguration;
			buildSettings = {
				BUNDLE_LOADER = "$(TEST_HOST)";
				FRAMEWORK_SEARCH_PATHS = (
					"$(SDKROOT)/Developer/Library/Frameworks",
					"$(inherited)",
				);
				GCC_PREPROCESSOR_DEFINITIONS = (
					"DEBUG=1",
					"$(inherited)",
				);
				INFOPLIST_FILE = ContactsTests/Info.plist;
				LD_RUNPATH_SEARCH_PATHS = "$(inherited) @executable_path/Frameworks @loader_path/Frameworks";
				PRODUCT_NAME = "$(TARGET_NAME)";
				TEST_HOST = "$(BUILT_PRODUCTS_DIR)/Contacts.app/Contacts";
			};
			name = Debug;
		};
		07D751011AC4685100EE2306 /* Release */ = {
			isa = XCBuildConfiguration;
			buildSettings = {
				BUNDLE_LOADER = "$(TEST_HOST)";
				FRAMEWORK_SEARCH_PATHS = (
					"$(SDKROOT)/Developer/Library/Frameworks",
					"$(inherited)",
				);
				INFOPLIST_FILE = ContactsTests/Info.plist;
				LD_RUNPATH_SEARCH_PATHS = "$(inherited) @executable_path/Frameworks @loader_path/Frameworks";
				PRODUCT_NAME = "$(TARGET_NAME)";
				TEST_HOST = "$(BUILT_PRODUCTS_DIR)/Contacts.app/Contacts";
			};
			name = Release;
		};
/* End XCBuildConfiguration section */

/* Begin XCConfigurationList section */
		07D750D81AC4685100EE2306 /* Build configuration list for PBXProject "Contacts" */ = {
			isa = XCConfigurationList;
			buildConfigurations = (
				07D750FA1AC4685100EE2306 /* Debug */,
				07D750FB1AC4685100EE2306 /* Release */,
			);
			defaultConfigurationIsVisible = 0;
			defaultConfigurationName = Release;
		};
		07D750FC1AC4685100EE2306 /* Build configuration list for PBXNativeTarget "Contacts" */ = {
			isa = XCConfigurationList;
			buildConfigurations = (
				07D750FD1AC4685100EE2306 /* Debug */,
				07D750FE1AC4685100EE2306 /* Release */,
			);
			defaultConfigurationIsVisible = 0;
			defaultConfigurationName = Release;
		};
		07D750FF1AC4685100EE2306 /* Build configuration list for PBXNativeTarget "ContactsTests" */ = {
			isa = XCConfigurationList;
			buildConfigurations = (
				07D751001AC4685100EE2306 /* Debug */,
				07D751011AC4685100EE2306 /* Release */,
			);
			defaultConfigurationIsVisible = 0;
			defaultConfigurationName = Release;
		};
/* End XCConfigurationList section */
	};
	rootObject = 07D750D51AC4685100EE2306 /* Project object */;
}
